
Microsoft Visual Studio Solution File, Format Version 12.00
# Visual Studio 2013
VisualStudioVersion = 12.0.31101.0
MinimumVisualStudioVersion = 10.0.40219.1
Project("{FAE04EC0-301F-11D3-BF4B-00C04F79EFBC}") = "GrowingData.Mung.Core", "GrowingData.Mung.Core\GrowingData.Mung.Core.csproj", "{0A4F9299-1FFE-415C-85F7-831CA541CD8F}"
EndProject
Project("{FAE04EC0-301F-11D3-BF4B-00C04F79EFBC}") = "GrowingData.Mung.Client", "GrowingData.Mung.Client\GrowingData.Mung.Client.csproj", "{C3676AB8-F623-4181-86FD-21EFADF5B0F9}"
EndProject
Project("{FAE04EC0-301F-11D3-BF4B-00C04F79EFBC}") = "GrowingData.Mung.Server", "GrowingData.Mung.Server\GrowingData.Mung.Server.csproj", "{CABC02D1-2DF5-460D-9170-6CC1B7E5E90D}"
EndProject
Project("{FAE04EC0-301F-11D3-BF4B-00C04F79EFBC}") = "GrowingData.Mung.Tester", "GrowingData.Mung.Tester\GrowingData.Mung.Tester.csproj", "{A8663820-8793-4F83-BCBF-3298B7BE1139}"
EndProject
Global
	GlobalSection(SolutionConfigurationPlatforms) = preSolution
		Debug|Any CPU = Debug|Any CPU
		Release|Any CPU = Release|Any CPU
	EndGlobalSection
	GlobalSection(ProjectConfigurationPlatforms) = postSolution
		{0A4F9299-1FFE-415C-85F7-831CA541CD8F}.Debug|Any CPU.ActiveCfg = Debug|Any CPU
		{0A4F9299-1FFE-415C-85F7-831CA541CD8F}.Debug|Any CPU.Build.0 = Debug|Any CPU
		{0A4F9299-1FFE-415C-85F7-831CA541CD8F}.Release|Any CPU.ActiveCfg = Release|Any CPU
		{0A4F9299-1FFE-415C-85F7-831CA541CD8F}.Release|Any CPU.Build.0 = Release|Any CPU
		{C3676AB8-F623-4181-86FD-21EFADF5B0F9}.Debug|Any CPU.ActiveCfg = Debug|Any CPU
		{C3676AB8-F623-4181-86FD-21EFADF5B0F9}.Debug|Any CPU.Build.0 = Debug|Any CPU
		{C3676AB8-F623-4181-86FD-21EFADF5B0F9}.Release|Any CPU.ActiveCfg = Release|Any CPU
		{C3676AB8-F623-4181-86FD-21EFADF5B0F9}.Release|Any CPU.Build.0 = Release|Any CPU
		{CABC02D1-2DF5-460D-9170-6CC1B7E5E90D}.Debug|Any CPU.ActiveCfg = Debug|Any CPU
		{CABC02D1-2DF5-460D-9170-6CC1B7E5E90D}.Debug|Any CPU.Build.0 = Debug|Any CPU
		{CABC02D1-2DF5-460D-9170-6CC1B7E5E90D}.Release|Any CPU.ActiveCfg = Release|Any CPU
		{CABC02D1-2DF5-460D-9170-6CC1B7E5E90D}.Release|Any CPU.Build.0 = Release|Any CPU
		{A8663820-8793-4F83-BCBF-3298B7BE1139}.Debug|Any CPU.ActiveCfg = Debug|Any CPU
		{A8663820-8793-4F83-BCBF-3298B7BE1139}.Debug|Any CPU.Build.0 = Debug|Any CPU
		{A8663820-8793-4F83-BCBF-3298B7BE1139}.Release|Any CPU.ActiveCfg = Release|Any CPU
		{A8663820-8793-4F83-BCBF-3298B7BE1139}.Release|Any CPU.Build.0 = Release|Any CPU
	EndGlobalSection
	GlobalSection(SolutionProperties) = preSolution
		HideSolutionNode = FALSE
	EndGlobalSection
EndGlobal
